
Microsoft Visual Studio Solution File, Format Version 12.00
# Visual Studio Version 17
VisualStudioVersion = 17.7.34031.279
MinimumVisualStudioVersion = 10.0.40219.1
Project("{8BC9CEB8-8B4A-11D0-8D11-00A0C91BC942}") = "MTS_HistoryReport_EXE", "MTS_HistoryReport.vcxproj", "{B041DC7E-92D1-4687-B87A-FCF0AAA743E7}"
EndProject
Project("{54435603-DBB4-11D2-8724-00A0C9A8B90C}") = "MTS_HistoryReport", "MTS_HistoryReport\MTS_HistoryReport_MSI.vdproj", "{3CBCCCE5-0163-4432-A2A2-1CF84F09F2BF}"
EndProject
Global
	GlobalSection(SolutionConfigurationPlatforms) = preSolution
		Debug|x64 = Debug|x64
		Debug|x86 = Debug|x86
		Release|x64 = Release|x64
		Release|x86 = Release|x86
	EndGlobalSection
	GlobalSection(ProjectConfigurationPlatforms) = postSolution
		{B041DC7E-92D1-4687-B87A-FCF0AAA743E7}.Debug|x64.ActiveCfg = Debug|x64
		{B041DC7E-92D1-4687-B87A-FCF0AAA743E7}.Debug|x64.Build.0 = Debug|x64
		{B041DC7E-92D1-4687-B87A-FCF0AAA743E7}.Debug|x86.ActiveCfg = Debug|Win32
		{B041DC7E-92D1-4687-B87A-FCF0AAA743E7}.Debug|x86.Build.0 = Debug|Win32
		{B041DC7E-92D1-4687-B87A-FCF0AAA743E7}.Release|x64.ActiveCfg = Release|x64
		{B041DC7E-92D1-4687-B87A-FCF0AAA743E7}.Release|x64.Build.0 = Release|x64
		{B041DC7E-92D1-4687-B87A-FCF0AAA743E7}.Release|x86.ActiveCfg = Release|Win32
		{B041DC7E-92D1-4687-B87A-FCF0AAA743E7}.Release|x86.Build.0 = Release|Win32
		{3CBCCCE5-0163-4432-A2A2-1CF84F09F2BF}.Debug|x64.ActiveCfg = Debug
		{3CBCCCE5-0163-4432-A2A2-1CF84F09F2BF}.Debug|x64.Build.0 = Debug
		{3CBCCCE5-0163-4432-A2A2-1CF84F09F2BF}.Debug|x86.ActiveCfg = Debug
		{3CBCCCE5-0163-4432-A2A2-1CF84F09F2BF}.Debug|x86.Build.0 = Debug
		{3CBCCCE5-0163-4432-A2A2-1CF84F09F2BF}.Release|x64.ActiveCfg = Release
		{3CBCCCE5-0163-4432-A2A2-1CF84F09F2BF}.Release|x64.Build.0 = Release
		{3CBCCCE5-0163-4432-A2A2-1CF84F09F2BF}.Release|x86.ActiveCfg = Release
		{3CBCCCE5-0163-4432-A2A2-1CF84F09F2BF}.Release|x86.Build.0 = Release
	EndGlobalSection
	GlobalSection(SolutionProperties) = preSolution
		HideSolutionNode = FALSE
	EndGlobalSection
	GlobalSection(ExtensibilityGlobals) = postSolution
		SolutionGuid = {8B4495CF-7A5F-4EE1-9623-86623DDF41BB}
	EndGlobalSection
EndGlobal
